
Microsoft Visual Studio Solution File, Format Version 12.00
# Visual Studio Version 17
VisualStudioVersion = 17.0.32014.148
MinimumVisualStudioVersion = 10.0.40219.1
Project("{FAE04EC0-301F-11D3-BF4B-00C04F79EFBC}") = "Connections", "Connections\Connections.csproj", "{76073466-B23B-4D44-8DF2-994F84B653B9}"
EndProject
Global
	GlobalSection(SolutionConfigurationPlatforms) = preSolution
		Debug|Any CPU = Debug|Any CPU
		Release|Any CPU = Release|Any CPU
	EndGlobalSection
	GlobalSection(ProjectConfigurationPlatforms) = postSolution
		{76073466-B23B-4D44-8DF2-994F84B653B9}.Debug|Any CPU.ActiveCfg = Debug|Any CPU
		{76073466-B23B-4D44-8DF2-994F84B653B9}.Debug|Any CPU.Build.0 = Debug|Any CPU
		{76073466-B23B-4D44-8DF2-994F84B653B9}.Release|Any CPU.ActiveCfg = Release|Any CPU
		{76073466-B23B-4D44-8DF2-994F84B653B9}.Release|Any CPU.Build.0 = Release|Any CPU
	EndGlobalSection
	GlobalSection(SolutionProperties) = preSolution
		HideSolutionNode = FALSE
	EndGlobalSection
	GlobalSection(ExtensibilityGlobals) = postSolution
		SolutionGuid = {306118D7-0454-49FE-B6BA-2533E3F73AF1}
	EndGlobalSection
EndGlobal
